
Microsoft Visual Studio Solution File, Format Version 12.00
# Visual Studio Version 16
VisualStudioVersion = 16.0.31515.178
MinimumVisualStudioVersion = 10.0.40219.1
Project("{9A19103F-16F7-4668-BE54-9A1E7A4F7556}") = "AionDPS", "AionDPS\AionDPS.csproj", "{CD40FCC1-710C-47CB-AE65-65223FD77FA4}"
EndProject
Project("{FAE04EC0-301F-11D3-BF4B-00C04F79EFBC}") = "AionOptimizer", "AionOptimizer\AionOptimizer.csproj", "{92BD91C9-C268-424F-9616-A61C0C617F6D}"
EndProject
Global
	GlobalSection(SolutionConfigurationPlatforms) = preSolution
		Debug|Any CPU = Debug|Any CPU
		Release|Any CPU = Release|Any CPU
	EndGlobalSection
	GlobalSection(ProjectConfigurationPlatforms) = postSolution
		{CD40FCC1-710C-47CB-AE65-65223FD77FA4}.Debug|Any CPU.ActiveCfg = Debug|Any CPU
		{CD40FCC1-710C-47CB-AE65-65223FD77FA4}.Debug|Any CPU.Build.0 = Debug|Any CPU
		{CD40FCC1-710C-47CB-AE65-65223FD77FA4}.Release|Any CPU.ActiveCfg = Release|Any CPU
		{CD40FCC1-710C-47CB-AE65-65223FD77FA4}.Release|Any CPU.Build.0 = Release|Any CPU
		{92BD91C9-C268-424F-9616-A61C0C617F6D}.Debug|Any CPU.ActiveCfg = Debug|Any CPU
		{92BD91C9-C268-424F-9616-A61C0C617F6D}.Debug|Any CPU.Build.0 = Debug|Any CPU
		{92BD91C9-C268-424F-9616-A61C0C617F6D}.Release|Any CPU.ActiveCfg = Release|Any CPU
		{92BD91C9-C268-424F-9616-A61C0C617F6D}.Release|Any CPU.Build.0 = Release|Any CPU
	EndGlobalSection
	GlobalSection(SolutionProperties) = preSolution
		HideSolutionNode = FALSE
	EndGlobalSection
	GlobalSection(ExtensibilityGlobals) = postSolution
		SolutionGuid = {C3D2DAED-F024-410E-924C-6A9480558989}
	EndGlobalSection
EndGlobal
