
Microsoft Visual Studio Solution File, Format Version 12.00
# Visual Studio Version 16
VisualStudioVersion = 16.0.31515.178
MinimumVisualStudioVersion = 10.0.40219.1
Project("{FAE04EC0-301F-11D3-BF4B-00C04F79EFBC}") = "AionDPS", "AionDPS\AionDPS.csproj", "{B6C9B64C-0E17-4BB0-9C67-F004DB7610DD}"
EndProject
Global
	GlobalSection(SolutionConfigurationPlatforms) = preSolution
		Debug|Any CPU = Debug|Any CPU
		Release|Any CPU = Release|Any CPU
	EndGlobalSection
	GlobalSection(ProjectConfigurationPlatforms) = postSolution
		{B6C9B64C-0E17-4BB0-9C67-F004DB7610DD}.Debug|Any CPU.ActiveCfg = Debug|Any CPU
		{B6C9B64C-0E17-4BB0-9C67-F004DB7610DD}.Debug|Any CPU.Build.0 = Debug|Any CPU
		{B6C9B64C-0E17-4BB0-9C67-F004DB7610DD}.Release|Any CPU.ActiveCfg = Release|Any CPU
		{B6C9B64C-0E17-4BB0-9C67-F004DB7610DD}.Release|Any CPU.Build.0 = Release|Any CPU
	EndGlobalSection
	GlobalSection(SolutionProperties) = preSolution
		HideSolutionNode = FALSE
	EndGlobalSection
	GlobalSection(ExtensibilityGlobals) = postSolution
		SolutionGuid = {C3D2DAED-F024-410E-924C-6A9480558989}
	EndGlobalSection
EndGlobal
